
Microsoft Visual Studio Solution File, Format Version 12.00
# Visual Studio Version 17
VisualStudioVersion = 17.2.32630.192
MinimumVisualStudioVersion = 10.0.40219.1
Project("{9A19103F-16F7-4668-BE54-9A1E7A4F7556}") = "TestsAutomationKaterynaPushko", "TestsAutomationKaterynaPushko\TestsAutomationKaterynaPushko.csproj", "{EAF448E5-967D-49C4-8408-A359776EA04C}"
EndProject
Project("{9A19103F-16F7-4668-BE54-9A1E7A4F7556}") = "UnitTests", "UnitTests\UnitTests.csproj", "{2398DDF1-2A2B-4640-ADFD-B4ECA5DCF5DD}"
EndProject
Global
	GlobalSection(SolutionConfigurationPlatforms) = preSolution
		Debug|Any CPU = Debug|Any CPU
		Release|Any CPU = Release|Any CPU
	EndGlobalSection
	GlobalSection(ProjectConfigurationPlatforms) = postSolution
		{EAF448E5-967D-49C4-8408-A359776EA04C}.Debug|Any CPU.ActiveCfg = Debug|Any CPU
		{EAF448E5-967D-49C4-8408-A359776EA04C}.Debug|Any CPU.Build.0 = Debug|Any CPU
		{EAF448E5-967D-49C4-8408-A359776EA04C}.Release|Any CPU.ActiveCfg = Release|Any CPU
		{EAF448E5-967D-49C4-8408-A359776EA04C}.Release|Any CPU.Build.0 = Release|Any CPU
		{2398DDF1-2A2B-4640-ADFD-B4ECA5DCF5DD}.Debug|Any CPU.ActiveCfg = Debug|Any CPU
		{2398DDF1-2A2B-4640-ADFD-B4ECA5DCF5DD}.Debug|Any CPU.Build.0 = Debug|Any CPU
		{2398DDF1-2A2B-4640-ADFD-B4ECA5DCF5DD}.Release|Any CPU.ActiveCfg = Release|Any CPU
		{2398DDF1-2A2B-4640-ADFD-B4ECA5DCF5DD}.Release|Any CPU.Build.0 = Release|Any CPU
	EndGlobalSection
	GlobalSection(SolutionProperties) = preSolution
		HideSolutionNode = FALSE
	EndGlobalSection
	GlobalSection(ExtensibilityGlobals) = postSolution
		SolutionGuid = {400F77B9-82E4-4360-BB0A-D6BCA7D9B210}
	EndGlobalSection
EndGlobal
